
Microsoft Visual Studio Solution File, Format Version 12.00
# Visual Studio Version 16
VisualStudioVersion = 16.0.29411.108
MinimumVisualStudioVersion = 10.0.40219.1
Project("{FAE04EC0-301F-11D3-BF4B-00C04F79EFBC}") = "OOP_02", "OOP_02\OOP_02.csproj", "{628B246E-75CB-46D0-B06D-F90118D8113A}"
EndProject
Global
	GlobalSection(SolutionConfigurationPlatforms) = preSolution
		Debug|Any CPU = Debug|Any CPU
		Release|Any CPU = Release|Any CPU
	EndGlobalSection
	GlobalSection(ProjectConfigurationPlatforms) = postSolution
		{628B246E-75CB-46D0-B06D-F90118D8113A}.Debug|Any CPU.ActiveCfg = Debug|Any CPU
		{628B246E-75CB-46D0-B06D-F90118D8113A}.Debug|Any CPU.Build.0 = Debug|Any CPU
		{628B246E-75CB-46D0-B06D-F90118D8113A}.Release|Any CPU.ActiveCfg = Release|Any CPU
		{628B246E-75CB-46D0-B06D-F90118D8113A}.Release|Any CPU.Build.0 = Release|Any CPU
	EndGlobalSection
	GlobalSection(SolutionProperties) = preSolution
		HideSolutionNode = FALSE
	EndGlobalSection
	GlobalSection(ExtensibilityGlobals) = postSolution
		SolutionGuid = {64E0FD3C-733D-4968-91E2-1769E02FD244}
	EndGlobalSection
EndGlobal
