
Microsoft Visual Studio Solution File, Format Version 12.00
# Visual Studio Version 16
VisualStudioVersion = 16.0.29411.108
MinimumVisualStudioVersion = 10.0.40219.1
Project("{FAE04EC0-301F-11D3-BF4B-00C04F79EFBC}") = "Es. 2 Squadra calcio", "Es. 2 Squadra calcio\Es. 2 Squadra calcio.csproj", "{5F5FCD1E-D757-437D-90F2-7FBC20ED4461}"
EndProject
Global
	GlobalSection(SolutionConfigurationPlatforms) = preSolution
		Debug|Any CPU = Debug|Any CPU
		Release|Any CPU = Release|Any CPU
	EndGlobalSection
	GlobalSection(ProjectConfigurationPlatforms) = postSolution
		{5F5FCD1E-D757-437D-90F2-7FBC20ED4461}.Debug|Any CPU.ActiveCfg = Debug|Any CPU
		{5F5FCD1E-D757-437D-90F2-7FBC20ED4461}.Debug|Any CPU.Build.0 = Debug|Any CPU
		{5F5FCD1E-D757-437D-90F2-7FBC20ED4461}.Release|Any CPU.ActiveCfg = Release|Any CPU
		{5F5FCD1E-D757-437D-90F2-7FBC20ED4461}.Release|Any CPU.Build.0 = Release|Any CPU
	EndGlobalSection
	GlobalSection(SolutionProperties) = preSolution
		HideSolutionNode = FALSE
	EndGlobalSection
	GlobalSection(ExtensibilityGlobals) = postSolution
		SolutionGuid = {7CCAADC7-30BE-4877-9090-B93C39478F1C}
	EndGlobalSection
EndGlobal
