
Microsoft Visual Studio Solution File, Format Version 12.00
# Visual Studio Version 16
VisualStudioVersion = 16.0.30523.141
MinimumVisualStudioVersion = 10.0.40219.1
Project("{FAE04EC0-301F-11D3-BF4B-00C04F79EFBC}") = "Es. pila", "Es. pila\Es. pila.csproj", "{8BD475DE-7B39-440C-9C3D-B3999DBA9B25}"
EndProject
Global
	GlobalSection(SolutionConfigurationPlatforms) = preSolution
		Debug|Any CPU = Debug|Any CPU
		Release|Any CPU = Release|Any CPU
	EndGlobalSection
	GlobalSection(ProjectConfigurationPlatforms) = postSolution
		{8BD475DE-7B39-440C-9C3D-B3999DBA9B25}.Debug|Any CPU.ActiveCfg = Debug|Any CPU
		{8BD475DE-7B39-440C-9C3D-B3999DBA9B25}.Debug|Any CPU.Build.0 = Debug|Any CPU
		{8BD475DE-7B39-440C-9C3D-B3999DBA9B25}.Release|Any CPU.ActiveCfg = Release|Any CPU
		{8BD475DE-7B39-440C-9C3D-B3999DBA9B25}.Release|Any CPU.Build.0 = Release|Any CPU
	EndGlobalSection
	GlobalSection(SolutionProperties) = preSolution
		HideSolutionNode = FALSE
	EndGlobalSection
	GlobalSection(ExtensibilityGlobals) = postSolution
		SolutionGuid = {D7ED7AD1-6C35-4F1E-958E-394EB25267EA}
	EndGlobalSection
EndGlobal
