
Microsoft Visual Studio Solution File, Format Version 12.00
# Visual Studio Version 16
VisualStudioVersion = 16.0.29411.108
MinimumVisualStudioVersion = 10.0.40219.1
Project("{FAE04EC0-301F-11D3-BF4B-00C04F79EFBC}") = "Gioco interfacce", "Gioco interfacce\Gioco interfacce.csproj", "{C90A10A7-42E8-4BE3-8C96-FC8A5A88AC68}"
EndProject
Global
	GlobalSection(SolutionConfigurationPlatforms) = preSolution
		Debug|Any CPU = Debug|Any CPU
		Release|Any CPU = Release|Any CPU
	EndGlobalSection
	GlobalSection(ProjectConfigurationPlatforms) = postSolution
		{C90A10A7-42E8-4BE3-8C96-FC8A5A88AC68}.Debug|Any CPU.ActiveCfg = Debug|Any CPU
		{C90A10A7-42E8-4BE3-8C96-FC8A5A88AC68}.Debug|Any CPU.Build.0 = Debug|Any CPU
		{C90A10A7-42E8-4BE3-8C96-FC8A5A88AC68}.Release|Any CPU.ActiveCfg = Release|Any CPU
		{C90A10A7-42E8-4BE3-8C96-FC8A5A88AC68}.Release|Any CPU.Build.0 = Release|Any CPU
	EndGlobalSection
	GlobalSection(SolutionProperties) = preSolution
		HideSolutionNode = FALSE
	EndGlobalSection
	GlobalSection(ExtensibilityGlobals) = postSolution
		SolutionGuid = {00190C19-4B5A-4E52-BB35-0084C173FFEC}
	EndGlobalSection
EndGlobal
