
Microsoft Visual Studio Solution File, Format Version 12.00
# Visual Studio Version 16
VisualStudioVersion = 16.0.29411.108
MinimumVisualStudioVersion = 10.0.40219.1
Project("{FAE04EC0-301F-11D3-BF4B-00C04F79EFBC}") = "Es. coda", "Es. coda\Es. coda.csproj", "{AC9F59C8-AE58-46A8-BBDC-BBD9D221EE5C}"
EndProject
Global
	GlobalSection(SolutionConfigurationPlatforms) = preSolution
		Debug|Any CPU = Debug|Any CPU
		Release|Any CPU = Release|Any CPU
	EndGlobalSection
	GlobalSection(ProjectConfigurationPlatforms) = postSolution
		{AC9F59C8-AE58-46A8-BBDC-BBD9D221EE5C}.Debug|Any CPU.ActiveCfg = Debug|Any CPU
		{AC9F59C8-AE58-46A8-BBDC-BBD9D221EE5C}.Debug|Any CPU.Build.0 = Debug|Any CPU
		{AC9F59C8-AE58-46A8-BBDC-BBD9D221EE5C}.Release|Any CPU.ActiveCfg = Release|Any CPU
		{AC9F59C8-AE58-46A8-BBDC-BBD9D221EE5C}.Release|Any CPU.Build.0 = Release|Any CPU
	EndGlobalSection
	GlobalSection(SolutionProperties) = preSolution
		HideSolutionNode = FALSE
	EndGlobalSection
	GlobalSection(ExtensibilityGlobals) = postSolution
		SolutionGuid = {C516E376-B6BB-4DCB-B175-A2250DE24F6D}
	EndGlobalSection
EndGlobal
