
Microsoft Visual Studio Solution File, Format Version 12.00
# Visual Studio Version 16
VisualStudioVersion = 16.0.29411.108
MinimumVisualStudioVersion = 10.0.40219.1
Project("{FAE04EC0-301F-11D3-BF4B-00C04F79EFBC}") = "Windowsforms01", "Windowsforms01\Windowsforms01.csproj", "{BFE04FC8-281B-4C8A-A7D8-E73139F51207}"
EndProject
Global
	GlobalSection(SolutionConfigurationPlatforms) = preSolution
		Debug|Any CPU = Debug|Any CPU
		Release|Any CPU = Release|Any CPU
	EndGlobalSection
	GlobalSection(ProjectConfigurationPlatforms) = postSolution
		{BFE04FC8-281B-4C8A-A7D8-E73139F51207}.Debug|Any CPU.ActiveCfg = Debug|Any CPU
		{BFE04FC8-281B-4C8A-A7D8-E73139F51207}.Debug|Any CPU.Build.0 = Debug|Any CPU
		{BFE04FC8-281B-4C8A-A7D8-E73139F51207}.Release|Any CPU.ActiveCfg = Release|Any CPU
		{BFE04FC8-281B-4C8A-A7D8-E73139F51207}.Release|Any CPU.Build.0 = Release|Any CPU
	EndGlobalSection
	GlobalSection(SolutionProperties) = preSolution
		HideSolutionNode = FALSE
	EndGlobalSection
	GlobalSection(ExtensibilityGlobals) = postSolution
		SolutionGuid = {1E8CC3D1-4991-405F-81F8-A3EB225E20D7}
	EndGlobalSection
EndGlobal
